
Microsoft Visual Studio Solution File, Format Version 12.00
# Visual Studio 2017
Project("{FAE04EC0-301F-11D3-BF4B-00C04F79EFBC}") = "AdicScenes", "AdicScenes.csproj", "{A73B7110-D48D-2364-2C38-46A958D55D74}"
EndProject
Project("{FAE04EC0-301F-11D3-BF4B-00C04F79EFBC}") = "AdicScenes.Editor", "AdicScenes.Editor.csproj", "{4191D354-8683-7F31-8D40-227443D65AC3}"
EndProject
Global
	GlobalSection(SolutionConfigurationPlatforms) = preSolution
		Debug|Any CPU = Debug|Any CPU
		Release|Any CPU = Release|Any CPU
	EndGlobalSection
	GlobalSection(ProjectConfigurationPlatforms) = postSolution
		{A73B7110-D48D-2364-2C38-46A958D55D74}.Debug|Any CPU.ActiveCfg = Debug|Any CPU
		{A73B7110-D48D-2364-2C38-46A958D55D74}.Debug|Any CPU.Build.0 = Debug|Any CPU
		{A73B7110-D48D-2364-2C38-46A958D55D74}.Release|Any CPU.ActiveCfg = Release|Any CPU
		{A73B7110-D48D-2364-2C38-46A958D55D74}.Release|Any CPU.Build.0 = Release|Any CPU
		{4191D354-8683-7F31-8D40-227443D65AC3}.Debug|Any CPU.ActiveCfg = Debug|Any CPU
		{4191D354-8683-7F31-8D40-227443D65AC3}.Debug|Any CPU.Build.0 = Debug|Any CPU
		{4191D354-8683-7F31-8D40-227443D65AC3}.Release|Any CPU.ActiveCfg = Release|Any CPU
		{4191D354-8683-7F31-8D40-227443D65AC3}.Release|Any CPU.Build.0 = Release|Any CPU
	EndGlobalSection
	GlobalSection(SolutionProperties) = preSolution
		HideSolutionNode = FALSE
	EndGlobalSection
EndGlobal
